
Microsoft Visual Studio Solution File, Format Version 12.00
# Visual Studio 15
VisualStudioVersion = 15.0.28307.902
MinimumVisualStudioVersion = 10.0.40219.1
Project("{FAE04EC0-301F-11D3-BF4B-00C04F79EFBC}") = "SpaceUFO", "SpaceUFO\SpaceUFO.csproj", "{3FE5B3E6-0320-4021-B56B-1DF8163B0183}"
EndProject
Global
	GlobalSection(SolutionConfigurationPlatforms) = preSolution
		Debug|Any CPU = Debug|Any CPU
		Release|Any CPU = Release|Any CPU
	EndGlobalSection
	GlobalSection(ProjectConfigurationPlatforms) = postSolution
		{3FE5B3E6-0320-4021-B56B-1DF8163B0183}.Debug|Any CPU.ActiveCfg = Debug|Any CPU
		{3FE5B3E6-0320-4021-B56B-1DF8163B0183}.Debug|Any CPU.Build.0 = Debug|Any CPU
		{3FE5B3E6-0320-4021-B56B-1DF8163B0183}.Release|Any CPU.ActiveCfg = Release|Any CPU
		{3FE5B3E6-0320-4021-B56B-1DF8163B0183}.Release|Any CPU.Build.0 = Release|Any CPU
	EndGlobalSection
	GlobalSection(SolutionProperties) = preSolution
		HideSolutionNode = FALSE
	EndGlobalSection
	GlobalSection(ExtensibilityGlobals) = postSolution
		SolutionGuid = {AAE6DBB2-D9AA-495B-87C8-74D5E207D562}
	EndGlobalSection
EndGlobal
